# This file is generated by running "yarn install" inside your project.
# Manual changes might be lost - proceed with caution!

__metadata:
  version: 8
  cacheKey: 10c0

"@monholm/prettier-config@workspace:packages/prettier-config":
  version: 0.0.0-use.local
  resolution: "@monholm/prettier-config@workspace:packages/prettier-config"
  dependencies:
    prettier: "npm:3.4.2"
  peerDependencies:
    prettier: ">= 3"
  languageName: unknown
  linkType: soft

"@monholm/shared-packages@workspace:.":
  version: 0.0.0-use.local
  resolution: "@monholm/shared-packages@workspace:."
  dependencies:
    turbo: "npm:2.4.0"
  languageName: unknown
  linkType: soft

"@monholm/tsconfig@workspace:packages/tsconfig":
  version: 0.0.0-use.local
  resolution: "@monholm/tsconfig@workspace:packages/tsconfig"
  peerDependencies:
    typescript: ">= 5"
  languageName: unknown
  linkType: soft

"prettier@npm:3.4.2":
  version: 3.4.2
  resolution: "prettier@npm:3.4.2"
  bin:
    prettier: bin/prettier.cjs
  checksum: 10c0/99e076a26ed0aba4ebc043880d0f08bbb8c59a4c6641cdee6cdadf2205bdd87aa1d7823f50c3aea41e015e99878d37c58d7b5f0e663bba0ef047f94e36b96446
  languageName: node
  linkType: hard

"turbo-darwin-64@npm:2.4.0":
  version: 2.4.0
  resolution: "turbo-darwin-64@npm:2.4.0"
  conditions: os=darwin & cpu=x64
  languageName: node
  linkType: hard

"turbo-darwin-arm64@npm:2.4.0":
  version: 2.4.0
  resolution: "turbo-darwin-arm64@npm:2.4.0"
  conditions: os=darwin & cpu=arm64
  languageName: node
  linkType: hard

"turbo-linux-64@npm:2.4.0":
  version: 2.4.0
  resolution: "turbo-linux-64@npm:2.4.0"
  conditions: os=linux & cpu=x64
  languageName: node
  linkType: hard

"turbo-linux-arm64@npm:2.4.0":
  version: 2.4.0
  resolution: "turbo-linux-arm64@npm:2.4.0"
  conditions: os=linux & cpu=arm64
  languageName: node
  linkType: hard

"turbo-windows-64@npm:2.4.0":
  version: 2.4.0
  resolution: "turbo-windows-64@npm:2.4.0"
  conditions: os=win32 & cpu=x64
  languageName: node
  linkType: hard

"turbo-windows-arm64@npm:2.4.0":
  version: 2.4.0
  resolution: "turbo-windows-arm64@npm:2.4.0"
  conditions: os=win32 & cpu=arm64
  languageName: node
  linkType: hard

"turbo@npm:2.4.0":
  version: 2.4.0
  resolution: "turbo@npm:2.4.0"
  dependencies:
    turbo-darwin-64: "npm:2.4.0"
    turbo-darwin-arm64: "npm:2.4.0"
    turbo-linux-64: "npm:2.4.0"
    turbo-linux-arm64: "npm:2.4.0"
    turbo-windows-64: "npm:2.4.0"
    turbo-windows-arm64: "npm:2.4.0"
  dependenciesMeta:
    turbo-darwin-64:
      optional: true
    turbo-darwin-arm64:
      optional: true
    turbo-linux-64:
      optional: true
    turbo-linux-arm64:
      optional: true
    turbo-windows-64:
      optional: true
    turbo-windows-arm64:
      optional: true
  bin:
    turbo: bin/turbo
  checksum: 10c0/c4fe9b2c19dd039865469c3a3fef28fb53aebbae20e1e87e198e006a7d6d70b87cacc1450323b349078a7290889bfbb70c7d369dfda9cd04abfcab6996ad6ae3
  languageName: node
  linkType: hard
